
Microsoft Visual Studio Solution File, Format Version 12.00
# Visual Studio Version 16
VisualStudioVersion = 16.0.29521.150
MinimumVisualStudioVersion = 10.0.40219.1
Project("{FAE04EC0-301F-11D3-BF4B-00C04F79EFBC}") = "Batto", "Batto\Batto.csproj", "{3C58091F-51DC-4718-83DE-74710F76F3F9}"
EndProject
Global
	GlobalSection(SolutionConfigurationPlatforms) = preSolution
		Debug|Any CPU = Debug|Any CPU
		Release|Any CPU = Release|Any CPU
	EndGlobalSection
	GlobalSection(ProjectConfigurationPlatforms) = postSolution
		{3C58091F-51DC-4718-83DE-74710F76F3F9}.Debug|Any CPU.ActiveCfg = Debug|Any CPU
		{3C58091F-51DC-4718-83DE-74710F76F3F9}.Debug|Any CPU.Build.0 = Debug|Any CPU
		{3C58091F-51DC-4718-83DE-74710F76F3F9}.Release|Any CPU.ActiveCfg = Release|Any CPU
		{3C58091F-51DC-4718-83DE-74710F76F3F9}.Release|Any CPU.Build.0 = Release|Any CPU
	EndGlobalSection
	GlobalSection(SolutionProperties) = preSolution
		HideSolutionNode = FALSE
	EndGlobalSection
	GlobalSection(ExtensibilityGlobals) = postSolution
		SolutionGuid = {BE6111D6-4E22-48F3-8A12-CFCA9EFC94B5}
	EndGlobalSection
EndGlobal
